
Microsoft Visual Studio Solution File, Format Version 12.00
# Visual Studio 14
VisualStudioVersion = 14.0.25420.1
MinimumVisualStudioVersion = 10.0.40219.1
Project("{FAE04EC0-301F-11D3-BF4B-00C04F79EFBC}") = "Concurrency", "Concurrency\Concurrency.csproj", "{215AF45E-BCC9-4062-89CC-50AD380785D3}"
EndProject
Project("{FAE04EC0-301F-11D3-BF4B-00C04F79EFBC}") = "WindowsForms", "WindowsForms\WindowsForms.csproj", "{1BA1A209-0A49-4C45-ADE1-62CE8493CBB6}"
EndProject
Project("{FAE04EC0-301F-11D3-BF4B-00C04F79EFBC}") = "WebApplication1", "WebApplication1\WebApplication1.csproj", "{9082FB65-4945-4361-90CF-16012156D30D}"
EndProject
Global
	GlobalSection(SolutionConfigurationPlatforms) = preSolution
		Debug|Any CPU = Debug|Any CPU
		Release|Any CPU = Release|Any CPU
	EndGlobalSection
	GlobalSection(ProjectConfigurationPlatforms) = postSolution
		{215AF45E-BCC9-4062-89CC-50AD380785D3}.Debug|Any CPU.ActiveCfg = Debug|Any CPU
		{215AF45E-BCC9-4062-89CC-50AD380785D3}.Debug|Any CPU.Build.0 = Debug|Any CPU
		{215AF45E-BCC9-4062-89CC-50AD380785D3}.Release|Any CPU.ActiveCfg = Release|Any CPU
		{215AF45E-BCC9-4062-89CC-50AD380785D3}.Release|Any CPU.Build.0 = Release|Any CPU
		{1BA1A209-0A49-4C45-ADE1-62CE8493CBB6}.Debug|Any CPU.ActiveCfg = Debug|Any CPU
		{1BA1A209-0A49-4C45-ADE1-62CE8493CBB6}.Debug|Any CPU.Build.0 = Debug|Any CPU
		{1BA1A209-0A49-4C45-ADE1-62CE8493CBB6}.Release|Any CPU.ActiveCfg = Release|Any CPU
		{1BA1A209-0A49-4C45-ADE1-62CE8493CBB6}.Release|Any CPU.Build.0 = Release|Any CPU
		{9082FB65-4945-4361-90CF-16012156D30D}.Debug|Any CPU.ActiveCfg = Debug|Any CPU
		{9082FB65-4945-4361-90CF-16012156D30D}.Debug|Any CPU.Build.0 = Debug|Any CPU
		{9082FB65-4945-4361-90CF-16012156D30D}.Release|Any CPU.ActiveCfg = Release|Any CPU
		{9082FB65-4945-4361-90CF-16012156D30D}.Release|Any CPU.Build.0 = Release|Any CPU
	EndGlobalSection
	GlobalSection(SolutionProperties) = preSolution
		HideSolutionNode = FALSE
	EndGlobalSection
EndGlobal
