
Microsoft Visual Studio Solution File, Format Version 12.00
# Visual Studio 14
VisualStudioVersion = 14.0.25420.1
MinimumVisualStudioVersion = 10.0.40219.1
Project("{FAE04EC0-301F-11D3-BF4B-00C04F79EFBC}") = "Lesson2", "Lesson2\Lesson2.csproj", "{B95E9890-290E-4215-9D95-0B85E289CBC8}"
EndProject
Project("{FAE04EC0-301F-11D3-BF4B-00C04F79EFBC}") = "Lesson2Part2", "Lesson2Part2\Lesson2Part2.csproj", "{96052C45-C89E-4805-BA20-4925C5CEE0A9}"
EndProject
Project("{2150E333-8FDC-42A3-9474-1A3956D46DE8}") = "LessonHomeWork2", "LessonHomeWork2", "{CBE4C8E3-D097-4883-BB29-3C363B033CD8}"
EndProject
Project("{2150E333-8FDC-42A3-9474-1A3956D46DE8}") = "LessonHomeWork3", "LessonHomeWork3", "{2364706A-344D-4F3A-A8FB-A0A541EEA3A2}"
EndProject
Project("{FAE04EC0-301F-11D3-BF4B-00C04F79EFBC}") = "T2", "T2\T2.csproj", "{536A71CB-6B7B-4EC9-BD51-DE70B15BDEF6}"
EndProject
Project("{FAE04EC0-301F-11D3-BF4B-00C04F79EFBC}") = "T3", "T3\T3.csproj", "{F6721371-790D-488D-B91A-6D5D8267D63D}"
EndProject
Project("{FAE04EC0-301F-11D3-BF4B-00C04F79EFBC}") = "T4", "T4\T4.csproj", "{090D9379-105A-4997-812A-CFA36EE34A1E}"
EndProject
Global
	GlobalSection(SolutionConfigurationPlatforms) = preSolution
		Debug|Any CPU = Debug|Any CPU
		Release|Any CPU = Release|Any CPU
	EndGlobalSection
	GlobalSection(ProjectConfigurationPlatforms) = postSolution
		{B95E9890-290E-4215-9D95-0B85E289CBC8}.Debug|Any CPU.ActiveCfg = Debug|Any CPU
		{B95E9890-290E-4215-9D95-0B85E289CBC8}.Debug|Any CPU.Build.0 = Debug|Any CPU
		{B95E9890-290E-4215-9D95-0B85E289CBC8}.Release|Any CPU.ActiveCfg = Release|Any CPU
		{B95E9890-290E-4215-9D95-0B85E289CBC8}.Release|Any CPU.Build.0 = Release|Any CPU
		{96052C45-C89E-4805-BA20-4925C5CEE0A9}.Debug|Any CPU.ActiveCfg = Debug|Any CPU
		{96052C45-C89E-4805-BA20-4925C5CEE0A9}.Debug|Any CPU.Build.0 = Debug|Any CPU
		{96052C45-C89E-4805-BA20-4925C5CEE0A9}.Release|Any CPU.ActiveCfg = Release|Any CPU
		{96052C45-C89E-4805-BA20-4925C5CEE0A9}.Release|Any CPU.Build.0 = Release|Any CPU
		{536A71CB-6B7B-4EC9-BD51-DE70B15BDEF6}.Debug|Any CPU.ActiveCfg = Debug|Any CPU
		{536A71CB-6B7B-4EC9-BD51-DE70B15BDEF6}.Debug|Any CPU.Build.0 = Debug|Any CPU
		{536A71CB-6B7B-4EC9-BD51-DE70B15BDEF6}.Release|Any CPU.ActiveCfg = Release|Any CPU
		{536A71CB-6B7B-4EC9-BD51-DE70B15BDEF6}.Release|Any CPU.Build.0 = Release|Any CPU
		{F6721371-790D-488D-B91A-6D5D8267D63D}.Debug|Any CPU.ActiveCfg = Debug|Any CPU
		{F6721371-790D-488D-B91A-6D5D8267D63D}.Debug|Any CPU.Build.0 = Debug|Any CPU
		{F6721371-790D-488D-B91A-6D5D8267D63D}.Release|Any CPU.ActiveCfg = Release|Any CPU
		{F6721371-790D-488D-B91A-6D5D8267D63D}.Release|Any CPU.Build.0 = Release|Any CPU
		{090D9379-105A-4997-812A-CFA36EE34A1E}.Debug|Any CPU.ActiveCfg = Debug|Any CPU
		{090D9379-105A-4997-812A-CFA36EE34A1E}.Debug|Any CPU.Build.0 = Debug|Any CPU
		{090D9379-105A-4997-812A-CFA36EE34A1E}.Release|Any CPU.ActiveCfg = Release|Any CPU
		{090D9379-105A-4997-812A-CFA36EE34A1E}.Release|Any CPU.Build.0 = Release|Any CPU
	EndGlobalSection
	GlobalSection(SolutionProperties) = preSolution
		HideSolutionNode = FALSE
	EndGlobalSection
	GlobalSection(NestedProjects) = preSolution
		{B95E9890-290E-4215-9D95-0B85E289CBC8} = {CBE4C8E3-D097-4883-BB29-3C363B033CD8}
		{96052C45-C89E-4805-BA20-4925C5CEE0A9} = {CBE4C8E3-D097-4883-BB29-3C363B033CD8}
		{536A71CB-6B7B-4EC9-BD51-DE70B15BDEF6} = {2364706A-344D-4F3A-A8FB-A0A541EEA3A2}
		{F6721371-790D-488D-B91A-6D5D8267D63D} = {2364706A-344D-4F3A-A8FB-A0A541EEA3A2}
		{090D9379-105A-4997-812A-CFA36EE34A1E} = {2364706A-344D-4F3A-A8FB-A0A541EEA3A2}
	EndGlobalSection
EndGlobal
